
Microsoft Visual Studio Solution File, Format Version 12.00
# Visual Studio 15
VisualStudioVersion = 15.0.27004.2009
MinimumVisualStudioVersion = 10.0.40219.1
Project("{FAE04EC0-301F-11D3-BF4B-00C04F79EFBC}") = "lab5", "lab5\lab5.csproj", "{0E967350-F3F2-4664-A66E-0FAB3B1526CD}"
EndProject
Global
	GlobalSection(SolutionConfigurationPlatforms) = preSolution
		Debug|Any CPU = Debug|Any CPU
		Release|Any CPU = Release|Any CPU
	EndGlobalSection
	GlobalSection(ProjectConfigurationPlatforms) = postSolution
		{0E967350-F3F2-4664-A66E-0FAB3B1526CD}.Debug|Any CPU.ActiveCfg = Debug|Any CPU
		{0E967350-F3F2-4664-A66E-0FAB3B1526CD}.Debug|Any CPU.Build.0 = Debug|Any CPU
		{0E967350-F3F2-4664-A66E-0FAB3B1526CD}.Release|Any CPU.ActiveCfg = Release|Any CPU
		{0E967350-F3F2-4664-A66E-0FAB3B1526CD}.Release|Any CPU.Build.0 = Release|Any CPU
	EndGlobalSection
	GlobalSection(SolutionProperties) = preSolution
		HideSolutionNode = FALSE
	EndGlobalSection
	GlobalSection(ExtensibilityGlobals) = postSolution
		SolutionGuid = {701BAD42-D3BD-4EBC-A653-97ADC828D41E}
	EndGlobalSection
EndGlobal
